
Microsoft Visual Studio Solution File, Format Version 12.00
# Visual Studio Version 16
VisualStudioVersion = 16.0.31911.196
MinimumVisualStudioVersion = 10.0.40219.1
Project("{FAE04EC0-301F-11D3-BF4B-00C04F79EFBC}") = "TracksLyrics.WPF", "TracksLyrics.WPF\TracksLyrics.WPF.csproj", "{F74C885B-7215-4913-AFCB-76993FFCE27F}"
EndProject
Project("{FAE04EC0-301F-11D3-BF4B-00C04F79EFBC}") = "SpotifyApi", "SpotifyApi\SpotifyApi.csproj", "{37EDC78C-223E-4C50-BAB4-BC6178E5D0B9}"
EndProject
Project("{FAE04EC0-301F-11D3-BF4B-00C04F79EFBC}") = "ChatGPT", "ChatGPT\ChatGPT.csproj", "{51EBDC92-F512-42B4-971D-73306BB017C1}"
EndProject
Project("{FAE04EC0-301F-11D3-BF4B-00C04F79EFBC}") = "TracksLyrics.Repository.File", "TracksLyrics.Repository.File\TracksLyrics.Repository.File.csproj", "{8F8EF1BE-B115-4248-A693-E0A19E77D9F4}"
EndProject
Project("{FAE04EC0-301F-11D3-BF4B-00C04F79EFBC}") = "TracksLyrics.Domain", "TracksLyrics.Domain\TracksLyrics.Domain.csproj", "{7D65A700-3898-4974-9B3A-4DC53CB8CA34}"
EndProject
Project("{FAE04EC0-301F-11D3-BF4B-00C04F79EFBC}") = "TracksLyrics.Search", "TracksLyrics.Search\TracksLyrics.Search.csproj", "{4DDF2D70-6714-415B-9BE2-A26A99324C4D}"
EndProject
Project("{FAE04EC0-301F-11D3-BF4B-00C04F79EFBC}") = "TracksLyrics.Application", "TracksLyrics.Application\TracksLyrics.Application.csproj", "{5EAB08DF-0BD4-4770-B13C-8B900206246F}"
EndProject
Project("{FAE04EC0-301F-11D3-BF4B-00C04F79EFBC}") = "TracksLyrics.Services", "TracksLyrics.Services\TracksLyrics.Services.csproj", "{848766D4-8D2C-465D-B720-E96A7C66D4AA}"
EndProject
Project("{FAE04EC0-301F-11D3-BF4B-00C04F79EFBC}") = "TracksLyrics.Web", "TracksLyrics.Web\TracksLyrics.Web.csproj", "{B0412D67-390A-4948-A2B0-8A1E1024F32F}"
EndProject
Project("{FAE04EC0-301F-11D3-BF4B-00C04F79EFBC}") = "Common", "Common\Common.csproj", "{0A37328D-A6F5-4ACB-BF17-7B6DCAA3DF49}"
EndProject
Project("{2150E333-8FDC-42A3-9474-1A3956D46DE8}") = "Spotify", "Spotify", "{83A6F499-9988-4206-B00D-9160B4037020}"
EndProject
Project("{2150E333-8FDC-42A3-9474-1A3956D46DE8}") = "TrackLyrics", "TrackLyrics", "{C76C5973-E46F-4240-BBB4-1AB219429E8A}"
EndProject
Project("{2150E333-8FDC-42A3-9474-1A3956D46DE8}") = "ChatGpt", "ChatGpt", "{A3922EBF-E43D-4F90-9372-6B3372B855F1}"
EndProject
Project("{2150E333-8FDC-42A3-9474-1A3956D46DE8}") = "General", "General", "{8A0C41E7-9B84-4632-A8DB-688460D360E0}"
EndProject
Project("{FAE04EC0-301F-11D3-BF4B-00C04F79EFBC}") = "TracksLyrics.Repository.DataBase", "TracksLyrics.Repository.DataBase\TracksLyrics.Repository.DataBase.csproj", "{AEE41116-7DC1-4FCB-80C1-2CA97EEF7AF3}"
EndProject
Project("{FAE04EC0-301F-11D3-BF4B-00C04F79EFBC}") = "Requestor", "Requestor\Requestor.csproj", "{E4F6DCF7-5E3C-4147-B179-8F5848EA7D4E}"
EndProject
Project("{2150E333-8FDC-42A3-9474-1A3956D46DE8}") = "Tests", "Tests", "{865660F7-6D7E-44E1-8DE7-8072CA90ED48}"
EndProject
Project("{FAE04EC0-301F-11D3-BF4B-00C04F79EFBC}") = "TracksLyrics.Search.Tests", "Tests\TracksLyrics.Search.Tests\TracksLyrics.Search.Tests.csproj", "{2341E219-35A7-4142-B7F3-E20FDC22A90A}"
EndProject
Global
	GlobalSection(SolutionConfigurationPlatforms) = preSolution
		Debug|Any CPU = Debug|Any CPU
		Release|Any CPU = Release|Any CPU
	EndGlobalSection
	GlobalSection(ProjectConfigurationPlatforms) = postSolution
		{F74C885B-7215-4913-AFCB-76993FFCE27F}.Debug|Any CPU.ActiveCfg = Debug|Any CPU
		{F74C885B-7215-4913-AFCB-76993FFCE27F}.Debug|Any CPU.Build.0 = Debug|Any CPU
		{F74C885B-7215-4913-AFCB-76993FFCE27F}.Release|Any CPU.ActiveCfg = Release|Any CPU
		{F74C885B-7215-4913-AFCB-76993FFCE27F}.Release|Any CPU.Build.0 = Release|Any CPU
		{37EDC78C-223E-4C50-BAB4-BC6178E5D0B9}.Debug|Any CPU.ActiveCfg = Debug|Any CPU
		{37EDC78C-223E-4C50-BAB4-BC6178E5D0B9}.Debug|Any CPU.Build.0 = Debug|Any CPU
		{37EDC78C-223E-4C50-BAB4-BC6178E5D0B9}.Release|Any CPU.ActiveCfg = Release|Any CPU
		{37EDC78C-223E-4C50-BAB4-BC6178E5D0B9}.Release|Any CPU.Build.0 = Release|Any CPU
		{51EBDC92-F512-42B4-971D-73306BB017C1}.Debug|Any CPU.ActiveCfg = Debug|Any CPU
		{51EBDC92-F512-42B4-971D-73306BB017C1}.Debug|Any CPU.Build.0 = Debug|Any CPU
		{51EBDC92-F512-42B4-971D-73306BB017C1}.Release|Any CPU.ActiveCfg = Release|Any CPU
		{51EBDC92-F512-42B4-971D-73306BB017C1}.Release|Any CPU.Build.0 = Release|Any CPU
		{8F8EF1BE-B115-4248-A693-E0A19E77D9F4}.Debug|Any CPU.ActiveCfg = Debug|Any CPU
		{8F8EF1BE-B115-4248-A693-E0A19E77D9F4}.Debug|Any CPU.Build.0 = Debug|Any CPU
		{8F8EF1BE-B115-4248-A693-E0A19E77D9F4}.Release|Any CPU.ActiveCfg = Release|Any CPU
		{8F8EF1BE-B115-4248-A693-E0A19E77D9F4}.Release|Any CPU.Build.0 = Release|Any CPU
		{7D65A700-3898-4974-9B3A-4DC53CB8CA34}.Debug|Any CPU.ActiveCfg = Debug|Any CPU
		{7D65A700-3898-4974-9B3A-4DC53CB8CA34}.Debug|Any CPU.Build.0 = Debug|Any CPU
		{7D65A700-3898-4974-9B3A-4DC53CB8CA34}.Release|Any CPU.ActiveCfg = Release|Any CPU
		{7D65A700-3898-4974-9B3A-4DC53CB8CA34}.Release|Any CPU.Build.0 = Release|Any CPU
		{4DDF2D70-6714-415B-9BE2-A26A99324C4D}.Debug|Any CPU.ActiveCfg = Debug|Any CPU
		{4DDF2D70-6714-415B-9BE2-A26A99324C4D}.Debug|Any CPU.Build.0 = Debug|Any CPU
		{4DDF2D70-6714-415B-9BE2-A26A99324C4D}.Release|Any CPU.ActiveCfg = Release|Any CPU
		{4DDF2D70-6714-415B-9BE2-A26A99324C4D}.Release|Any CPU.Build.0 = Release|Any CPU
		{5EAB08DF-0BD4-4770-B13C-8B900206246F}.Debug|Any CPU.ActiveCfg = Debug|Any CPU
		{5EAB08DF-0BD4-4770-B13C-8B900206246F}.Debug|Any CPU.Build.0 = Debug|Any CPU
		{5EAB08DF-0BD4-4770-B13C-8B900206246F}.Release|Any CPU.ActiveCfg = Release|Any CPU
		{5EAB08DF-0BD4-4770-B13C-8B900206246F}.Release|Any CPU.Build.0 = Release|Any CPU
		{848766D4-8D2C-465D-B720-E96A7C66D4AA}.Debug|Any CPU.ActiveCfg = Debug|Any CPU
		{848766D4-8D2C-465D-B720-E96A7C66D4AA}.Debug|Any CPU.Build.0 = Debug|Any CPU
		{848766D4-8D2C-465D-B720-E96A7C66D4AA}.Release|Any CPU.ActiveCfg = Release|Any CPU
		{848766D4-8D2C-465D-B720-E96A7C66D4AA}.Release|Any CPU.Build.0 = Release|Any CPU
		{B0412D67-390A-4948-A2B0-8A1E1024F32F}.Debug|Any CPU.ActiveCfg = Debug|Any CPU
		{B0412D67-390A-4948-A2B0-8A1E1024F32F}.Debug|Any CPU.Build.0 = Debug|Any CPU
		{B0412D67-390A-4948-A2B0-8A1E1024F32F}.Release|Any CPU.ActiveCfg = Release|Any CPU
		{B0412D67-390A-4948-A2B0-8A1E1024F32F}.Release|Any CPU.Build.0 = Release|Any CPU
		{0A37328D-A6F5-4ACB-BF17-7B6DCAA3DF49}.Debug|Any CPU.ActiveCfg = Debug|Any CPU
		{0A37328D-A6F5-4ACB-BF17-7B6DCAA3DF49}.Debug|Any CPU.Build.0 = Debug|Any CPU
		{0A37328D-A6F5-4ACB-BF17-7B6DCAA3DF49}.Release|Any CPU.ActiveCfg = Release|Any CPU
		{0A37328D-A6F5-4ACB-BF17-7B6DCAA3DF49}.Release|Any CPU.Build.0 = Release|Any CPU
		{AEE41116-7DC1-4FCB-80C1-2CA97EEF7AF3}.Debug|Any CPU.ActiveCfg = Debug|Any CPU
		{AEE41116-7DC1-4FCB-80C1-2CA97EEF7AF3}.Debug|Any CPU.Build.0 = Debug|Any CPU
		{AEE41116-7DC1-4FCB-80C1-2CA97EEF7AF3}.Release|Any CPU.ActiveCfg = Release|Any CPU
		{AEE41116-7DC1-4FCB-80C1-2CA97EEF7AF3}.Release|Any CPU.Build.0 = Release|Any CPU
		{E4F6DCF7-5E3C-4147-B179-8F5848EA7D4E}.Debug|Any CPU.ActiveCfg = Debug|Any CPU
		{E4F6DCF7-5E3C-4147-B179-8F5848EA7D4E}.Debug|Any CPU.Build.0 = Debug|Any CPU
		{E4F6DCF7-5E3C-4147-B179-8F5848EA7D4E}.Release|Any CPU.ActiveCfg = Release|Any CPU
		{E4F6DCF7-5E3C-4147-B179-8F5848EA7D4E}.Release|Any CPU.Build.0 = Release|Any CPU
		{2341E219-35A7-4142-B7F3-E20FDC22A90A}.Debug|Any CPU.ActiveCfg = Debug|Any CPU
		{2341E219-35A7-4142-B7F3-E20FDC22A90A}.Debug|Any CPU.Build.0 = Debug|Any CPU
		{2341E219-35A7-4142-B7F3-E20FDC22A90A}.Release|Any CPU.ActiveCfg = Release|Any CPU
		{2341E219-35A7-4142-B7F3-E20FDC22A90A}.Release|Any CPU.Build.0 = Release|Any CPU
	EndGlobalSection
	GlobalSection(SolutionProperties) = preSolution
		HideSolutionNode = FALSE
	EndGlobalSection
	GlobalSection(ExtensibilityGlobals) = postSolution
		SolutionGuid = {6EB88501-4ED5-4C00-9D25-381839F702DD}
	EndGlobalSection
	GlobalSection(NestedProjects) = preSolution
		{37EDC78C-223E-4C50-BAB4-BC6178E5D0B9} = {83A6F499-9988-4206-B00D-9160B4037020}
		{B0412D67-390A-4948-A2B0-8A1E1024F32F} = {C76C5973-E46F-4240-BBB4-1AB219429E8A}
		{F74C885B-7215-4913-AFCB-76993FFCE27F} = {C76C5973-E46F-4240-BBB4-1AB219429E8A}
		{51EBDC92-F512-42B4-971D-73306BB017C1} = {A3922EBF-E43D-4F90-9372-6B3372B855F1}
		{8A0C41E7-9B84-4632-A8DB-688460D360E0} = {C76C5973-E46F-4240-BBB4-1AB219429E8A}
		{5EAB08DF-0BD4-4770-B13C-8B900206246F} = {8A0C41E7-9B84-4632-A8DB-688460D360E0}
		{7D65A700-3898-4974-9B3A-4DC53CB8CA34} = {8A0C41E7-9B84-4632-A8DB-688460D360E0}
		{8F8EF1BE-B115-4248-A693-E0A19E77D9F4} = {8A0C41E7-9B84-4632-A8DB-688460D360E0}
		{4DDF2D70-6714-415B-9BE2-A26A99324C4D} = {8A0C41E7-9B84-4632-A8DB-688460D360E0}
		{848766D4-8D2C-465D-B720-E96A7C66D4AA} = {8A0C41E7-9B84-4632-A8DB-688460D360E0}
		{AEE41116-7DC1-4FCB-80C1-2CA97EEF7AF3} = {8A0C41E7-9B84-4632-A8DB-688460D360E0}
		{865660F7-6D7E-44E1-8DE7-8072CA90ED48} = {C76C5973-E46F-4240-BBB4-1AB219429E8A}
		{2341E219-35A7-4142-B7F3-E20FDC22A90A} = {865660F7-6D7E-44E1-8DE7-8072CA90ED48}
	EndGlobalSection
EndGlobal
